set_global_assignment -name TOP_LEVEL_ENTITY DE10_Pro
set_global_assignment -name SOURCE_TCL_SCRIPT_FILE DE10_Pro_pin_assignments.qsf
set_global_assignment -name PROJECT_OUTPUT_DIRECTORY output_files
set_global_assignment -name ENABLE_SIGNALTAP ON
set_global_assignment -name VERILOG_FILE DE10_Pro.v
set_global_assignment -name SDC_FILE DE10_Pro.sdc
set_global_assignment -name LAST_QUARTUS_VERSION "19.1.0 SP0.03 Pro Edition"
